
Microsoft Visual Studio Solution File, Format Version 12.00
# Visual Studio Version 16
VisualStudioVersion = 16.0.32602.291
MinimumVisualStudioVersion = 10.0.40219.1
Project("{FAE04EC0-301F-11D3-BF4B-00C04F79EFBC}") = "Checkout", "Checkout.csproj", "{276F743C-1B70-49C7-89AD-BDE0E0FCE79F}"
EndProject
Global
	GlobalSection(SolutionConfigurationPlatforms) = preSolution
		Debug|Any CPU = Debug|Any CPU
		Release|Any CPU = Release|Any CPU
	EndGlobalSection
	GlobalSection(ProjectConfigurationPlatforms) = postSolution
		{276F743C-1B70-49C7-89AD-BDE0E0FCE79F}.Debug|Any CPU.ActiveCfg = Debug|Any CPU
		{276F743C-1B70-49C7-89AD-BDE0E0FCE79F}.Debug|Any CPU.Build.0 = Debug|Any CPU
		{276F743C-1B70-49C7-89AD-BDE0E0FCE79F}.Release|Any CPU.ActiveCfg = Release|Any CPU
		{276F743C-1B70-49C7-89AD-BDE0E0FCE79F}.Release|Any CPU.Build.0 = Release|Any CPU
	EndGlobalSection
	GlobalSection(SolutionProperties) = preSolution
		HideSolutionNode = FALSE
	EndGlobalSection
	GlobalSection(ExtensibilityGlobals) = postSolution
		SolutionGuid = {423E673D-E191-443B-911F-CBFC55A4CE1D}
	EndGlobalSection
EndGlobal
